// !$*UTF8*$!
{
	archiveVersion = 1;
	classes = {
	};
	objectVersion = 56;
	objects = {

/* Begin PBXBuildFile section */
		7ABE08572B00697C0090C6A1 /* group9App.swift in Sources */ = {isa = PBXBuildFile; fileRef = 7ABE08562B00697C0090C6A1 /* group9App.swift */; };
		7ABE08592B00697C0090C6A1 /* ContentView.swift in Sources */ = {isa = PBXBuildFile; fileRef = 7ABE08582B00697C0090C6A1 /* ContentView.swift */; };
		7ABE085B2B00697D0090C6A1 /* Assets.xcassets in Resources */ = {isa = PBXBuildFile; fileRef = 7ABE085A2B00697D0090C6A1 /* Assets.xcassets */; };
		7ABE085E2B00697D0090C6A1 /* Preview Assets.xcassets in Resources */ = {isa = PBXBuildFile; fileRef = 7ABE085D2B00697D0090C6A1 /* Preview Assets.xcassets */; };
		7ABE08682B00697D0090C6A1 /* group9Tests.swift in Sources */ = {isa = PBXBuildFile; fileRef = 7ABE08672B00697D0090C6A1 /* group9Tests.swift */; };
		7ABE08722B00697D0090C6A1 /* group9UITests.swift in Sources */ = {isa = PBXBuildFile; fileRef = 7ABE08712B00697D0090C6A1 /* group9UITests.swift */; };
		7ABE08742B00697D0090C6A1 /* group9UITestsLaunchTests.swift in Sources */ = {isa = PBXBuildFile; fileRef = 7ABE08732B00697D0090C6A1 /* group9UITestsLaunchTests.swift */; };
		7ABE08812B006D110090C6A1 /* Models.swift in Sources */ = {isa = PBXBuildFile; fileRef = 7ABE08802B006D110090C6A1 /* Models.swift */; };
		7ABE08852B006D690090C6A1 /* AccountListView.swift in Sources */ = {isa = PBXBuildFile; fileRef = 7ABE08842B006D690090C6A1 /* AccountListView.swift */; };
		7ABE08872B006D900090C6A1 /* TransactionListView.swift in Sources */ = {isa = PBXBuildFile; fileRef = 7ABE08862B006D900090C6A1 /* TransactionListView.swift */; };
/* End PBXBuildFile section */

/* Begin PBXContainerItemProxy section */
		7ABE08642B00697D0090C6A1 /* PBXContainerItemProxy */ = {
			isa = PBXContainerItemProxy;
			containerPortal = 7ABE084B2B00697C0090C6A1 /* Project object */;
			proxyType = 1;
			remoteGlobalIDString = 7ABE08522B00697C0090C6A1;
			remoteInfo = group9;
		};
		7ABE086E2B00697D0090C6A1 /* PBXContainerItemProxy */ = {
			isa = PBXContainerItemProxy;
			containerPortal = 7ABE084B2B00697C0090C6A1 /* Project object */;
			proxyType = 1;
			remoteGlobalIDString = 7ABE08522B00697C0090C6A1;
			remoteInfo = group9;
		};
/* End PBXContainerItemProxy section */

/* Begin PBXFileReference section */
		7ABE08532B00697C0090C6A1 /* group9.app */ = {isa = PBXFileReference; explicitFileType = wrapper.application; includeInIndex = 0; path = group9.app; sourceTree = BUILT_PRODUCTS_DIR; };
		7ABE08562B00697C0090C6A1 /* group9App.swift */ = {isa = PBXFileReference; lastKnownFileType = sourcecode.swift; path = group9App.swift; sourceTree = "<group>"; };
		7ABE08582B00697C0090C6A1 /* ContentView.swift */ = {isa = PBXFileReference; lastKnownFileType = sourcecode.swift; path = ContentView.swift; sourceTree = "<group>"; };
		7ABE085A2B00697D0090C6A1 /* Assets.xcassets */ = {isa = PBXFileReference; lastKnownFileType = folder.assetcatalog; path = Assets.xcassets; sourceTree = "<group>"; };
		7ABE085D2B00697D0090C6A1 /* Preview Assets.xcassets */ = {isa = PBXFileReference; lastKnownFileType = folder.assetcatalog; path = "Preview Assets.xcassets"; sourceTree = "<group>"; };
		7ABE08632B00697D0090C6A1 /* group9Tests.xctest */ = {isa = PBXFileReference; explicitFileType = wrapper.cfbundle; includeInIndex = 0; path = group9Tests.xctest; sourceTree = BUILT_PRODUCTS_DIR; };
		7ABE08672B00697D0090C6A1 /* group9Tests.swift */ = {isa = PBXFileReference; lastKnownFileType = sourcecode.swift; path = group9Tests.swift; sourceTree = "<group>"; };
		7ABE086D2B00697D0090C6A1 /* group9UITests.xctest */ = {isa = PBXFileReference; explicitFileType = wrapper.cfbundle; includeInIndex = 0; path = group9UITests.xctest; sourceTree = BUILT_PRODUCTS_DIR; };
		7ABE08712B00697D0090C6A1 /* group9UITests.swift */ = {isa = PBXFileReference; lastKnownFileType = sourcecode.swift; path = group9UITests.swift; sourceTree = "<group>"; };
		7ABE08732B00697D0090C6A1 /* group9UITestsLaunchTests.swift */ = {isa = PBXFileReference; lastKnownFileType = sourcecode.swift; path = group9UITestsLaunchTests.swift; sourceTree = "<group>"; };
		7ABE08802B006D110090C6A1 /* Models.swift */ = {isa = PBXFileReference; lastKnownFileType = sourcecode.swift; path = Models.swift; sourceTree = "<group>"; };
		7ABE08842B006D690090C6A1 /* AccountListView.swift */ = {isa = PBXFileReference; lastKnownFileType = sourcecode.swift; path = AccountListView.swift; sourceTree = "<group>"; };
		7ABE08862B006D900090C6A1 /* TransactionListView.swift */ = {isa = PBXFileReference; lastKnownFileType = sourcecode.swift; path = TransactionListView.swift; sourceTree = "<group>"; };
/* End PBXFileReference section */

/* Begin PBXFrameworksBuildPhase section */
		7ABE08502B00697C0090C6A1 /* Frameworks */ = {
			isa = PBXFrameworksBuildPhase;
			buildActionMask = 2147483647;
			files = (
			);
			runOnlyForDeploymentPostprocessing = 0;
		};
		7ABE08602B00697D0090C6A1 /* Frameworks */ = {
			isa = PBXFrameworksBuildPhase;
			buildActionMask = 2147483647;
			files = (
			);
			runOnlyForDeploymentPostprocessing = 0;
		};
		7ABE086A2B00697D0090C6A1 /* Frameworks */ = {
			isa = PBXFrameworksBuildPhase;
			buildActionMask = 2147483647;
			files = (
			);
			runOnlyForDeploymentPostprocessing = 0;
		};
/* End PBXFrameworksBuildPhase section */

/* Begin PBXGroup section */
		7ABE084A2B00697C0090C6A1 = {
			isa = PBXGroup;
			children = (
				7ABE08552B00697C0090C6A1 /* group9 */,
				7ABE08662B00697D0090C6A1 /* group9Tests */,
				7ABE08702B00697D0090C6A1 /* group9UITests */,
				7ABE08542B00697C0090C6A1 /* Products */,
			);
			sourceTree = "<group>";
		};
		7ABE08542B00697C0090C6A1 /* Products */ = {
			isa = PBXGroup;
			children = (
				7ABE08532B00697C0090C6A1 /* group9.app */,
				7ABE08632B00697D0090C6A1 /* group9Tests.xctest */,
				7ABE086D2B00697D0090C6A1 /* group9UITests.xctest */,
			);
			name = Products;
			sourceTree = "<group>";
		};
		7ABE08552B00697C0090C6A1 /* group9 */ = {
			isa = PBXGroup;
			children = (
				7ABE08562B00697C0090C6A1 /* group9App.swift */,
				7ABE08582B00697C0090C6A1 /* ContentView.swift */,
				7ABE08842B006D690090C6A1 /* AccountListView.swift */,
				7ABE08862B006D900090C6A1 /* TransactionListView.swift */,
				7ABE08802B006D110090C6A1 /* Models.swift */,
				7ABE085A2B00697D0090C6A1 /* Assets.xcassets */,
				7ABE085C2B00697D0090C6A1 /* Preview Content */,
			);
			path = group9;
			sourceTree = "<group>";
		};
		7ABE085C2B00697D0090C6A1 /* Preview Content */ = {
			isa = PBXGroup;
			children = (
				7ABE085D2B00697D0090C6A1 /* Preview Assets.xcassets */,
			);
			path = "Preview Content";
			sourceTree = "<group>";
		};
		7ABE08662B00697D0090C6A1 /* group9Tests */ = {
			isa = PBXGroup;
			children = (
				7ABE08672B00697D0090C6A1 /* group9Tests.swift */,
			);
			path = group9Tests;
			sourceTree = "<group>";
		};
		7ABE08702B00697D0090C6A1 /* group9UITests */ = {
			isa = PBXGroup;
			children = (
				7ABE08712B00697D0090C6A1 /* group9UITests.swift */,
				7ABE08732B00697D0090C6A1 /* group9UITestsLaunchTests.swift */,
			);
			path = group9UITests;
			sourceTree = "<group>";
		};
/* End PBXGroup section */

/* Begin PBXNativeTarget section */
		7ABE08522B00697C0090C6A1 /* group9 */ = {
			isa = PBXNativeTarget;
			buildConfigurationList = 7ABE08772B00697D0090C6A1 /* Build configuration list for PBXNativeTarget "group9" */;
			buildPhases = (
				7ABE084F2B00697C0090C6A1 /* Sources */,
				7ABE08502B00697C0090C6A1 /* Frameworks */,
				7ABE08512B00697C0090C6A1 /* Resources */,
			);
			buildRules = (
			);
			dependencies = (
			);
			name = group9;
			productName = group9;
			productReference = 7ABE08532B00697C0090C6A1 /* group9.app */;
			productType = "com.apple.product-type.application";
		};
		7ABE08622B00697D0090C6A1 /* group9Tests */ = {
			isa = PBXNativeTarget;
			buildConfigurationList = 7ABE087A2B00697D0090C6A1 /* Build configuration list for PBXNativeTarget "group9Tests" */;
			buildPhases = (
				7ABE085F2B00697D0090C6A1 /* Sources */,
				7ABE08602B00697D0090C6A1 /* Frameworks */,
				7ABE08612B00697D0090C6A1 /* Resources */,
			);
			buildRules = (
			);
			dependencies = (
				7ABE08652B00697D0090C6A1 /* PBXTargetDependency */,
			);
			name = group9Tests;
			productName = group9Tests;
			productReference = 7ABE08632B00697D0090C6A1 /* group9Tests.xctest */;
			productType = "com.apple.product-type.bundle.unit-test";
		};
		7ABE086C2B00697D0090C6A1 /* group9UITests */ = {
			isa = PBXNativeTarget;
			buildConfigurationList = 7ABE087D2B00697D0090C6A1 /* Build configuration list for PBXNativeTarget "group9UITests" */;
			buildPhases = (
				7ABE08692B00697D0090C6A1 /* Sources */,
				7ABE086A2B00697D0090C6A1 /* Frameworks */,
				7ABE086B2B00697D0090C6A1 /* Resources */,
			);
			buildRules = (
			);
			dependencies = (
				7ABE086F2B00697D0090C6A1 /* PBXTargetDependency */,
			);
			name = group9UITests;
			productName = group9UITests;
			productReference = 7ABE086D2B00697D0090C6A1 /* group9UITests.xctest */;
			productType = "com.apple.product-type.bundle.ui-testing";
		};
/* End PBXNativeTarget section */

/* Begin PBXProject section */
		7ABE084B2B00697C0090C6A1 /* Project object */ = {
			isa = PBXProject;
			attributes = {
				BuildIndependentTargetsInParallel = 1;
				LastSwiftUpdateCheck = 1430;
				LastUpgradeCheck = 1430;
				TargetAttributes = {
					7ABE08522B00697C0090C6A1 = {
						CreatedOnToolsVersion = 14.3.1;
					};
					7ABE08622B00697D0090C6A1 = {
						CreatedOnToolsVersion = 14.3.1;
						TestTargetID = 7ABE08522B00697C0090C6A1;
					};
					7ABE086C2B00697D0090C6A1 = {
						CreatedOnToolsVersion = 14.3.1;
						TestTargetID = 7ABE08522B00697C0090C6A1;
					};
				};
			};
			buildConfigurationList = 7ABE084E2B00697C0090C6A1 /* Build configuration list for PBXProject "group9" */;
			compatibilityVersion = "Xcode 14.0";
			developmentRegion = en;
			hasScannedForEncodings = 0;
			knownRegions = (
				en,
				Base,
			);
			mainGroup = 7ABE084A2B00697C0090C6A1;
			productRefGroup = 7ABE08542B00697C0090C6A1 /* Products */;
			projectDirPath = "";
			projectRoot = "";
			targets = (
				7ABE08522B00697C0090C6A1 /* group9 */,
				7ABE08622B00697D0090C6A1 /* group9Tests */,
				7ABE086C2B00697D0090C6A1 /* group9UITests */,
			);
		};
/* End PBXProject section */

/* Begin PBXResourcesBuildPhase section */
		7ABE08512B00697C0090C6A1 /* Resources */ = {
			isa = PBXResourcesBuildPhase;
			buildActionMask = 2147483647;
			files = (
				7ABE085E2B00697D0090C6A1 /* Preview Assets.xcassets in Resources */,
				7ABE085B2B00697D0090C6A1 /* Assets.xcassets in Resources */,
			);
			runOnlyForDeploymentPostprocessing = 0;
		};
		7ABE08612B00697D0090C6A1 /* Resources */ = {
			isa = PBXResourcesBuildPhase;
			buildActionMask = 2147483647;
			files = (
			);
			runOnlyForDeploymentPostprocessing = 0;
		};
		7ABE086B2B00697D0090C6A1 /* Resources */ = {
			isa = PBXResourcesBuildPhase;
			buildActionMask = 2147483647;
			files = (
			);
			runOnlyForDeploymentPostprocessing = 0;
		};
/* End PBXResourcesBuildPhase section */

/* Begin PBXSourcesBuildPhase section */
		7ABE084F2B00697C0090C6A1 /* Sources */ = {
			isa = PBXSourcesBuildPhase;
			buildActionMask = 2147483647;
			files = (
				7ABE08812B006D110090C6A1 /* Models.swift in Sources */,
				7ABE08592B00697C0090C6A1 /* ContentView.swift in Sources */,
				7ABE08852B006D690090C6A1 /* AccountListView.swift in Sources */,
				7ABE08572B00697C0090C6A1 /* group9App.swift in Sources */,
				7ABE08872B006D900090C6A1 /* TransactionListView.swift in Sources */,
			);
			runOnlyForDeploymentPostprocessing = 0;
		};
		7ABE085F2B00697D0090C6A1 /* Sources */ = {
			isa = PBXSourcesBuildPhase;
			buildActionMask = 2147483647;
			files = (
				7ABE08682B00697D0090C6A1 /* group9Tests.swift in Sources */,
			);
			runOnlyForDeploymentPostprocessing = 0;
		};
		7ABE08692B00697D0090C6A1 /* Sources */ = {
			isa = PBXSourcesBuildPhase;
			buildActionMask = 2147483647;
			files = (
				7ABE08742B00697D0090C6A1 /* group9UITestsLaunchTests.swift in Sources */,
				7ABE08722B00697D0090C6A1 /* group9UITests.swift in Sources */,
			);
			runOnlyForDeploymentPostprocessing = 0;
		};
/* End PBXSourcesBuildPhase section */

/* Begin PBXTargetDependency section */
		7ABE08652B00697D0090C6A1 /* PBXTargetDependency */ = {
			isa = PBXTargetDependency;
			target = 7ABE08522B00697C0090C6A1 /* group9 */;
			targetProxy = 7ABE08642B00697D0090C6A1 /* PBXContainerItemProxy */;
		};
		7ABE086F2B00697D0090C6A1 /* PBXTargetDependency */ = {
			isa = PBXTargetDependency;
			target = 7ABE08522B00697C0090C6A1 /* group9 */;
			targetProxy = 7ABE086E2B00697D0090C6A1 /* PBXContainerItemProxy */;
		};
/* End PBXTargetDependency section */

/* Begin XCBuildConfiguration section */
		7ABE08752B00697D0090C6A1 /* Debug */ = {
			isa = XCBuildConfiguration;
			buildSettings = {
				ALWAYS_SEARCH_USER_PATHS = NO;
				CLANG_ANALYZER_NONNULL = YES;
				CLANG_ANALYZER_NUMBER_OBJECT_CONVERSION = YES_AGGRESSIVE;
				CLANG_CXX_LANGUAGE_STANDARD = "gnu++20";
				CLANG_ENABLE_MODULES = YES;
				CLANG_ENABLE_OBJC_ARC = YES;
				CLANG_ENABLE_OBJC_WEAK = YES;
				CLANG_WARN_BLOCK_CAPTURE_AUTORELEASING = YES;
				CLANG_WARN_BOOL_CONVERSION = YES;
				CLANG_WARN_COMMA = YES;
				CLANG_WARN_CONSTANT_CONVERSION = YES;
				CLANG_WARN_DEPRECATED_OBJC_IMPLEMENTATIONS = YES;
				CLANG_WARN_DIRECT_OBJC_ISA_USAGE = YES_ERROR;
				CLANG_WARN_DOCUMENTATION_COMMENTS = YES;
				CLANG_WARN_EMPTY_BODY = YES;
				CLANG_WARN_ENUM_CONVERSION = YES;
				CLANG_WARN_INFINITE_RECURSION = YES;
				CLANG_WARN_INT_CONVERSION = YES;
				CLANG_WARN_NON_LITERAL_NULL_CONVERSION = YES;
				CLANG_WARN_OBJC_IMPLICIT_RETAIN_SELF = YES;
				CLANG_WARN_OBJC_LITERAL_CONVERSION = YES;
				CLANG_WARN_OBJC_ROOT_CLASS = YES_ERROR;
				CLANG_WARN_QUOTED_INCLUDE_IN_FRAMEWORK_HEADER = YES;
				CLANG_WARN_RANGE_LOOP_ANALYSIS = YES;
				CLANG_WARN_STRICT_PROTOTYPES = YES;
				CLANG_WARN_SUSPICIOUS_MOVE = YES;
				CLANG_WARN_UNGUARDED_AVAILABILITY = YES_AGGRESSIVE;
				CLANG_WARN_UNREACHABLE_CODE = YES;
				CLANG_WARN__DUPLICATE_METHOD_MATCH = YES;
				COPY_PHASE_STRIP = NO;
				DEBUG_INFORMATION_FORMAT = dwarf;
				ENABLE_STRICT_OBJC_MSGSEND = YES;
				ENABLE_TESTABILITY = YES;
				GCC_C_LANGUAGE_STANDARD = gnu11;
				GCC_DYNAMIC_NO_PIC = NO;
				GCC_NO_COMMON_BLOCKS = YES;
				GCC_OPTIMIZATION_LEVEL = 0;
				GCC_PREPROCESSOR_DEFINITIONS = (
					"DEBUG=1",
					"$(inherited)",
				);
				GCC_WARN_64_TO_32_BIT_CONVERSION = YES;
				GCC_WARN_ABOUT_RETURN_TYPE = YES_ERROR;
				GCC_WARN_UNDECLARED_SELECTOR = YES;
				GCC_WARN_UNINITIALIZED_AUTOS = YES_AGGRESSIVE;
				GCC_WARN_UNUSED_FUNCTION = YES;
				GCC_WARN_UNUSED_VARIABLE = YES;
				IPHONEOS_DEPLOYMENT_TARGET = 16.4;
				MTL_ENABLE_DEBUG_INFO = INCLUDE_SOURCE;
				MTL_FAST_MATH = YES;
				ONLY_ACTIVE_ARCH = YES;
				SDKROOT = iphoneos;
				SWIFT_ACTIVE_COMPILATION_CONDITIONS = DEBUG;
				SWIFT_OPTIMIZATION_LEVEL = "-Onone";
			};
			name = Debug;
		};
		7ABE08762B00697D0090C6A1 /* Release */ = {
			isa = XCBuildConfiguration;
			buildSettings = {
				ALWAYS_SEARCH_USER_PATHS = NO;
				CLANG_ANALYZER_NONNULL = YES;
				CLANG_ANALYZER_NUMBER_OBJECT_CONVERSION = YES_AGGRESSIVE;
				CLANG_CXX_LANGUAGE_STANDARD = "gnu++20";
				CLANG_ENABLE_MODULES = YES;
				CLANG_ENABLE_OBJC_ARC = YES;
				CLANG_ENABLE_OBJC_WEAK = YES;
				CLANG_WARN_BLOCK_CAPTURE_AUTORELEASING = YES;
				CLANG_WARN_BOOL_CONVERSION = YES;
				CLANG_WARN_COMMA = YES;
				CLANG_WARN_CONSTANT_CONVERSION = YES;
				CLANG_WARN_DEPRECATED_OBJC_IMPLEMENTATIONS = YES;
				CLANG_WARN_DIRECT_OBJC_ISA_USAGE = YES_ERROR;
				CLANG_WARN_DOCUMENTATION_COMMENTS = YES;
				CLANG_WARN_EMPTY_BODY = YES;
				CLANG_WARN_ENUM_CONVERSION = YES;
				CLANG_WARN_INFINITE_RECURSION = YES;
				CLANG_WARN_INT_CONVERSION = YES;
				CLANG_WARN_NON_LITERAL_NULL_CONVERSION = YES;
				CLANG_WARN_OBJC_IMPLICIT_RETAIN_SELF = YES;
				CLANG_WARN_OBJC_LITERAL_CONVERSION = YES;
				CLANG_WARN_OBJC_ROOT_CLASS = YES_ERROR;
				CLANG_WARN_QUOTED_INCLUDE_IN_FRAMEWORK_HEADER = YES;
				CLANG_WARN_RANGE_LOOP_ANALYSIS = YES;
				CLANG_WARN_STRICT_PROTOTYPES = YES;
				CLANG_WARN_SUSPICIOUS_MOVE = YES;
				CLANG_WARN_UNGUARDED_AVAILABILITY = YES_AGGRESSIVE;
				CLANG_WARN_UNREACHABLE_CODE = YES;
				CLANG_WARN__DUPLICATE_METHOD_MATCH = YES;
				COPY_PHASE_STRIP = NO;
				DEBUG_INFORMATION_FORMAT = "dwarf-with-dsym";
				ENABLE_NS_ASSERTIONS = NO;
				ENABLE_STRICT_OBJC_MSGSEND = YES;
				GCC_C_LANGUAGE_STANDARD = gnu11;
				GCC_NO_COMMON_BLOCKS = YES;
				GCC_WARN_64_TO_32_BIT_CONVERSION = YES;
				GCC_WARN_ABOUT_RETURN_TYPE = YES_ERROR;
				GCC_WARN_UNDECLARED_SELECTOR = YES;
				GCC_WARN_UNINITIALIZED_AUTOS = YES_AGGRESSIVE;
				GCC_WARN_UNUSED_FUNCTION = YES;
				GCC_WARN_UNUSED_VARIABLE = YES;
				IPHONEOS_DEPLOYMENT_TARGET = 16.4;
				MTL_ENABLE_DEBUG_INFO = NO;
				MTL_FAST_MATH = YES;
				SDKROOT = iphoneos;
				SWIFT_COMPILATION_MODE = wholemodule;
				SWIFT_OPTIMIZATION_LEVEL = "-O";
				VALIDATE_PRODUCT = YES;
			};
			name = Release;
		};
		7ABE08782B00697D0090C6A1 /* Debug */ = {
			isa = XCBuildConfiguration;
			buildSettings = {
				ASSETCATALOG_COMPILER_APPICON_NAME = AppIcon;
				ASSETCATALOG_COMPILER_GLOBAL_ACCENT_COLOR_NAME = AccentColor;
				CODE_SIGN_STYLE = Automatic;
				CURRENT_PROJECT_VERSION = 1;
				DEVELOPMENT_ASSET_PATHS = "\"group9/Preview Content\"";
				ENABLE_PREVIEWS = YES;
				GENERATE_INFOPLIST_FILE = YES;
				INFOPLIST_KEY_UIApplicationSceneManifest_Generation = YES;
				INFOPLIST_KEY_UIApplicationSupportsIndirectInputEvents = YES;
				INFOPLIST_KEY_UILaunchScreen_Generation = YES;
				INFOPLIST_KEY_UISupportedInterfaceOrientations_iPad = "UIInterfaceOrientationPortrait UIInterfaceOrientationPortraitUpsideDown UIInterfaceOrientationLandscapeLeft UIInterfaceOrientationLandscapeRight";
				INFOPLIST_KEY_UISupportedInterfaceOrientations_iPhone = "UIInterfaceOrientationPortrait UIInterfaceOrientationLandscapeLeft UIInterfaceOrientationLandscapeRight";
				LD_RUNPATH_SEARCH_PATHS = (
					"$(inherited)",
					"@executable_path/Frameworks",
				);
				MARKETING_VERSION = 1.0;
				PRODUCT_BUNDLE_IDENTIFIER = "CSUF-CPSC-411.group9";
				PRODUCT_NAME = "$(TARGET_NAME)";
				SWIFT_EMIT_LOC_STRINGS = YES;
				SWIFT_VERSION = 5.0;
				TARGETED_DEVICE_FAMILY = "1,2";
			};
			name = Debug;
		};
		7ABE08792B00697D0090C6A1 /* Release */ = {
			isa = XCBuildConfiguration;
			buildSettings = {
				ASSETCATALOG_COMPILER_APPICON_NAME = AppIcon;
				ASSETCATALOG_COMPILER_GLOBAL_ACCENT_COLOR_NAME = AccentColor;
				CODE_SIGN_STYLE = Automatic;
				CURRENT_PROJECT_VERSION = 1;
				DEVELOPMENT_ASSET_PATHS = "\"group9/Preview Content\"";
				ENABLE_PREVIEWS = YES;
				GENERATE_INFOPLIST_FILE = YES;
				INFOPLIST_KEY_UIApplicationSceneManifest_Generation = YES;
				INFOPLIST_KEY_UIApplicationSupportsIndirectInputEvents = YES;
				INFOPLIST_KEY_UILaunchScreen_Generation = YES;
				INFOPLIST_KEY_UISupportedInterfaceOrientations_iPad = "UIInterfaceOrientationPortrait UIInterfaceOrientationPortraitUpsideDown UIInterfaceOrientationLandscapeLeft UIInterfaceOrientationLandscapeRight";
				INFOPLIST_KEY_UISupportedInterfaceOrientations_iPhone = "UIInterfaceOrientationPortrait UIInterfaceOrientationLandscapeLeft UIInterfaceOrientationLandscapeRight";
				LD_RUNPATH_SEARCH_PATHS = (
					"$(inherited)",
					"@executable_path/Frameworks",
				);
				MARKETING_VERSION = 1.0;
				PRODUCT_BUNDLE_IDENTIFIER = "CSUF-CPSC-411.group9";
				PRODUCT_NAME = "$(TARGET_NAME)";
				SWIFT_EMIT_LOC_STRINGS = YES;
				SWIFT_VERSION = 5.0;
				TARGETED_DEVICE_FAMILY = "1,2";
			};
			name = Release;
		};
		7ABE087B2B00697D0090C6A1 /* Debug */ = {
			isa = XCBuildConfiguration;
			buildSettings = {
				ALWAYS_EMBED_SWIFT_STANDARD_LIBRARIES = YES;
				BUNDLE_LOADER = "$(TEST_HOST)";
				CODE_SIGN_STYLE = Automatic;
				CURRENT_PROJECT_VERSION = 1;
				GENERATE_INFOPLIST_FILE = YES;
				IPHONEOS_DEPLOYMENT_TARGET = 16.4;
				MARKETING_VERSION = 1.0;
				PRODUCT_BUNDLE_IDENTIFIER = "CSUF-CPSC-411.group9Tests";
				PRODUCT_NAME = "$(TARGET_NAME)";
				SWIFT_EMIT_LOC_STRINGS = NO;
				SWIFT_VERSION = 5.0;
				TARGETED_DEVICE_FAMILY = "1,2";
				TEST_HOST = "$(BUILT_PRODUCTS_DIR)/group9.app/$(BUNDLE_EXECUTABLE_FOLDER_PATH)/group9";
			};
			name = Debug;
		};
		7ABE087C2B00697D0090C6A1 /* Release */ = {
			isa = XCBuildConfiguration;
			buildSettings = {
				ALWAYS_EMBED_SWIFT_STANDARD_LIBRARIES = YES;
				BUNDLE_LOADER = "$(TEST_HOST)";
				CODE_SIGN_STYLE = Automatic;
				CURRENT_PROJECT_VERSION = 1;
				GENERATE_INFOPLIST_FILE = YES;
				IPHONEOS_DEPLOYMENT_TARGET = 16.4;
				MARKETING_VERSION = 1.0;
				PRODUCT_BUNDLE_IDENTIFIER = "CSUF-CPSC-411.group9Tests";
				PRODUCT_NAME = "$(TARGET_NAME)";
				SWIFT_EMIT_LOC_STRINGS = NO;
				SWIFT_VERSION = 5.0;
				TARGETED_DEVICE_FAMILY = "1,2";
				TEST_HOST = "$(BUILT_PRODUCTS_DIR)/group9.app/$(BUNDLE_EXECUTABLE_FOLDER_PATH)/group9";
			};
			name = Release;
		};
		7ABE087E2B00697D0090C6A1 /* Debug */ = {
			isa = XCBuildConfiguration;
			buildSettings = {
				ALWAYS_EMBED_SWIFT_STANDARD_LIBRARIES = YES;
				CODE_SIGN_STYLE = Automatic;
				CURRENT_PROJECT_VERSION = 1;
				GENERATE_INFOPLIST_FILE = YES;
				MARKETING_VERSION = 1.0;
				PRODUCT_BUNDLE_IDENTIFIER = "CSUF-CPSC-411.group9UITests";
				PRODUCT_NAME = "$(TARGET_NAME)";
				SWIFT_EMIT_LOC_STRINGS = NO;
				SWIFT_VERSION = 5.0;
				TARGETED_DEVICE_FAMILY = "1,2";
				TEST_TARGET_NAME = group9;
			};
			name = Debug;
		};
		7ABE087F2B00697D0090C6A1 /* Release */ = {
			isa = XCBuildConfiguration;
			buildSettings = {
				ALWAYS_EMBED_SWIFT_STANDARD_LIBRARIES = YES;
				CODE_SIGN_STYLE = Automatic;
				CURRENT_PROJECT_VERSION = 1;
				GENERATE_INFOPLIST_FILE = YES;
				MARKETING_VERSION = 1.0;
				PRODUCT_BUNDLE_IDENTIFIER = "CSUF-CPSC-411.group9UITests";
				PRODUCT_NAME = "$(TARGET_NAME)";
				SWIFT_EMIT_LOC_STRINGS = NO;
				SWIFT_VERSION = 5.0;
				TARGETED_DEVICE_FAMILY = "1,2";
				TEST_TARGET_NAME = group9;
			};
			name = Release;
		};
/* End XCBuildConfiguration section */

/* Begin XCConfigurationList section */
		7ABE084E2B00697C0090C6A1 /* Build configuration list for PBXProject "group9" */ = {
			isa = XCConfigurationList;
			buildConfigurations = (
				7ABE08752B00697D0090C6A1 /* Debug */,
				7ABE08762B00697D0090C6A1 /* Release */,
			);
			defaultConfigurationIsVisible = 0;
			defaultConfigurationName = Release;
		};
		7ABE08772B00697D0090C6A1 /* Build configuration list for PBXNativeTarget "group9" */ = {
			isa = XCConfigurationList;
			buildConfigurations = (
				7ABE08782B00697D0090C6A1 /* Debug */,
				7ABE08792B00697D0090C6A1 /* Release */,
			);
			defaultConfigurationIsVisible = 0;
			defaultConfigurationName = Release;
		};
		7ABE087A2B00697D0090C6A1 /* Build configuration list for PBXNativeTarget "group9Tests" */ = {
			isa = XCConfigurationList;
			buildConfigurations = (
				7ABE087B2B00697D0090C6A1 /* Debug */,
				7ABE087C2B00697D0090C6A1 /* Release */,
			);
			defaultConfigurationIsVisible = 0;
			defaultConfigurationName = Release;
		};
		7ABE087D2B00697D0090C6A1 /* Build configuration list for PBXNativeTarget "group9UITests" */ = {
			isa = XCConfigurationList;
			buildConfigurations = (
				7ABE087E2B00697D0090C6A1 /* Debug */,
				7ABE087F2B00697D0090C6A1 /* Release */,
			);
			defaultConfigurationIsVisible = 0;
			defaultConfigurationName = Release;
		};
/* End XCConfigurationList section */
	};
	rootObject = 7ABE084B2B00697C0090C6A1 /* Project object */;
}
